<?xml version="1.0" encoding="utf-8"?>
<Project ToolsVersion="15.0" xmlns="http://schemas.microsoft.com/developer/msbuild/2003">
  <ItemGroup>
    <ClCompile Include="C:\Users\yuki\Documents\Project_07\sorce\main.cpp">
      <Filter>Source Files</Filter>
    </ClCompile>
    <ClCompile Include="C:\Users\yuki\Documents\Project_07\sorce\RandomGenerator.cpp">
      <Filter>Source Files</Filter>
    </ClCompile>
    <ClCompile Include="C:\Users\yuki\Documents\Project_07\sorce\RandUnitVector.cpp">
      <Filter>Source Files</Filter>
    </ClCompile>
  </ItemGroup>
  <ItemGroup>
    <ClInclude Include="C:\Users\yuki\Documents\Project_07\sorce\main.h">
      <Filter>Header Files</Filter>
    </ClInclude>
    <ClInclude Include="C:\Users\yuki\Documents\Project_07\sorce\AddingNoise.hpp">
      <Filter>Header Files</Filter>
    </ClInclude>
    <ClInclude Include="C:\Users\yuki\Documents\Project_07\sorce\BasicCalculation.hpp">
      <Filter>Header Files</Filter>
    </ClInclude>
    <ClInclude Include="C:\Users\yuki\Documents\Project_07\sorce\CalPCA.hpp">
      <Filter>Header Files</Filter>
    </ClInclude>
    <ClInclude Include="C:\Users\yuki\Documents\Project_07\sorce\CalSphereVolume.hpp">
      <Filter>Header Files</Filter>
    </ClInclude>
    <ClInclude Include="C:\Users\yuki\Documents\Project_07\sorce\CorrespondenceGrouping.hpp">
      <Filter>Header Files</Filter>
    </ClInclude>
    <ClInclude Include="C:\Users\yuki\Documents\Project_07\sorce\DataMatching.hpp">
      <Filter>Header Files</Filter>
    </ClInclude>
    <ClInclude Include="C:\Users\yuki\Documents\Project_07\sorce\Detectors.hpp">
      <Filter>Header Files</Filter>
    </ClInclude>
    <ClInclude Include="C:\Users\yuki\Documents\Project_07\sorce\Errata.hpp">
      <Filter>Header Files</Filter>
    </ClInclude>
    <ClInclude Include="C:\Users\yuki\Documents\Project_07\sorce\FeatureDescription.hpp">
      <Filter>Header Files</Filter>
    </ClInclude>
    <ClInclude Include="C:\Users\yuki\Documents\Project_07\sorce\FeaturePointExtraction36.hpp">
      <Filter>Header Files</Filter>
    </ClInclude>
    <ClInclude Include="C:\Users\yuki\Documents\Project_07\sorce\FeaturePointExtractionHarris.hpp">
      <Filter>Header Files</Filter>
    </ClInclude>
    <ClInclude Include="C:\Users\yuki\Documents\Project_07\sorce\ForFixPoint.hpp">
      <Filter>Header Files</Filter>
    </ClInclude>
    <ClInclude Include="C:\Users\yuki\Documents\Project_07\sorce\GaussianElimination.hpp">
      <Filter>Header Files</Filter>
    </ClInclude>
    <ClInclude Include="C:\Users\yuki\Documents\Project_07\sorce\InterpolationSTL.hpp">
      <Filter>Header Files</Filter>
    </ClInclude>
    <ClInclude Include="C:\Users\yuki\Documents\Project_07\sorce\Jacobi.hpp">
      <Filter>Header Files</Filter>
    </ClInclude>
    <ClInclude Include="C:\Users\yuki\Documents\Project_07\sorce\KeypointNormals.hpp">
      <Filter>Header Files</Filter>
    </ClInclude>
    <ClInclude Include="C:\Users\yuki\Documents\Project_07\sorce\LeastSquaresMethods.hpp">
      <Filter>Header Files</Filter>
    </ClInclude>
    <ClInclude Include="C:\Users\yuki\Documents\Project_07\sorce\MT.h">
      <Filter>Header Files</Filter>
    </ClInclude>
    <ClInclude Include="C:\Users\yuki\Documents\Project_07\sorce\NormalDirection.hpp">
      <Filter>Header Files</Filter>
    </ClInclude>
    <ClInclude Include="C:\Users\yuki\Documents\Project_07\sorce\Output.h">
      <Filter>Header Files</Filter>
    </ClInclude>
    <ClInclude Include="C:\Users\yuki\Documents\Project_07\sorce\PCLViewer.hpp">
      <Filter>Header Files</Filter>
    </ClInclude>
    <ClInclude Include="C:\Users\yuki\Documents\Project_07\sorce\PointSearch.hpp">
      <Filter>Header Files</Filter>
    </ClInclude>
    <ClInclude Include="C:\Users\yuki\Documents\Project_07\sorce\PPF.hpp">
      <Filter>Header Files</Filter>
    </ClInclude>
    <ClInclude Include="C:\Users\yuki\Documents\Project_07\sorce\PPFio.hpp">
      <Filter>Header Files</Filter>
    </ClInclude>
    <ClInclude Include="C:\Users\yuki\Documents\Project_07\sorce\PreprocessingSTL.hpp">
      <Filter>Header Files</Filter>
    </ClInclude>
    <ClInclude Include="C:\Users\yuki\Documents\Project_07\sorce\Principal.hpp">
      <Filter>Header Files</Filter>
    </ClInclude>
    <ClInclude Include="C:\Users\yuki\Documents\Project_07\sorce\RandomGenerator.h">
      <Filter>Header Files</Filter>
    </ClInclude>
    <ClInclude Include="C:\Users\yuki\Documents\Project_07\sorce\RandUnitVector.h">
      <Filter>Header Files</Filter>
    </ClInclude>
    <ClInclude Include="C:\Users\yuki\Documents\Project_07\sorce\RANSAC.hpp">
      <Filter>Header Files</Filter>
    </ClInclude>
    <ClInclude Include="C:\Users\yuki\Documents\Project_07\sorce\ReadPointCloud.hpp">
      <Filter>Header Files</Filter>
    </ClInclude>
    <ClInclude Include="C:\Users\yuki\Documents\Project_07\sorce\ReadSTL.hpp">
      <Filter>Header Files</Filter>
    </ClInclude>
    <ClInclude Include="C:\Users\yuki\Documents\Project_07\sorce\RemoveOutliers.hpp">
      <Filter>Header Files</Filter>
    </ClInclude>
    <ClInclude Include="C:\Users\yuki\Documents\Project_07\sorce\RunJacobi.hpp">
      <Filter>Header Files</Filter>
    </ClInclude>
    <ClInclude Include="C:\Users\yuki\Documents\Project_07\sorce\Simulation20171030.hpp">
      <Filter>Header Files</Filter>
    </ClInclude>
    <ClInclude Include="C:\Users\yuki\Documents\Project_07\sorce\Simulation20171113.hpp">
      <Filter>Header Files</Filter>
    </ClInclude>
    <ClInclude Include="C:\Users\yuki\Documents\Project_07\sorce\SurfaceNormals.hpp">
      <Filter>Header Files</Filter>
    </ClInclude>
    <ClInclude Include="C:\Users\yuki\Documents\Project_07\sorce\VoxelGrid.hpp">
      <Filter>Header Files</Filter>
    </ClInclude>
    <ClInclude Include="sorce\Simulation20171127.hpp">
      <Filter>Header Files</Filter>
    </ClInclude>
    <ClInclude Include="sorce\CalRotationMatrix.hpp">
      <Filter>Header Files</Filter>
    </ClInclude>
    <ClInclude Include="sorce\MakeModelPPF.hpp">
      <Filter>Header Files</Filter>
    </ClInclude>
    <ClInclude Include="sorce\MakeMeasurementPPF.hpp">
      <Filter>Header Files</Filter>
    </ClInclude>
    <ClInclude Include="sorce\JacobiAnother.hpp">
      <Filter>Header Files</Filter>
    </ClInclude>
    <ClInclude Include="sorce\Projection.hpp">
      <Filter>Header Files</Filter>
    </ClInclude>
    <ClInclude Include="sorce\JacobiAnother2.hpp">
      <Filter>Header Files</Filter>
    </ClInclude>
    <ClInclude Include="sorce\MakeAccuracyFile.hpp">
      <Filter>Header Files</Filter>
    </ClInclude>
    <ClInclude Include="sorce\Simulation20180207.hpp">
      <Filter>Header Files</Filter>
    </ClInclude>
  </ItemGroup>
  <ItemGroup>
    <CustomBuild Include="C:\Users\yuki\Documents\Project_07\CMakeLists.txt" />
  </ItemGroup>
  <ItemGroup>
    <Filter Include="Source Files">
      <UniqueIdentifier>{7DD57B90-1008-3A19-B38F-3F9421D13627}</UniqueIdentifier>
    </Filter>
    <Filter Include="Header Files">
      <UniqueIdentifier>{7EE15CA5-3576-3C8F-B6FF-97A456CB4FA9}</UniqueIdentifier>
    </Filter>
  </ItemGroup>
</Project>