<?xml version="1.0" encoding="utf-8"?>
<Project ToolsVersion="15.0" xmlns="http://schemas.microsoft.com/developer/msbuild/2003">
  <ItemGroup>
    <CustomBuild Include="C:\Users\yuki\Documents\Project_07\CMakeLists.txt" />
  </ItemGroup>
  <ItemGroup>
    <Filter Include="Source Files">
      <UniqueIdentifier>{7DD57B90-1008-3A19-B38F-3F9421D13627}</UniqueIdentifier>
    </Filter>
    <Filter Include="Header Files">
      <UniqueIdentifier>{7EE15CA5-3576-3C8F-B6FF-97A456CB4FA9}</UniqueIdentifier>
    </Filter>
  </ItemGroup>
  <ItemGroup>
    <ClInclude Include="sorce\BasicCalculation.hpp">
      <Filter>Header Files</Filter>
    </ClInclude>
    <ClInclude Include="sorce\CalPCA.hpp">
      <Filter>Header Files</Filter>
    </ClInclude>
    <ClInclude Include="sorce\CorrespondenceGrouping.hpp">
      <Filter>Header Files</Filter>
    </ClInclude>
    <ClInclude Include="sorce\FeatureDescription.hpp">
      <Filter>Header Files</Filter>
    </ClInclude>
    <ClInclude Include="sorce\GaussianElimination.hpp">
      <Filter>Header Files</Filter>
    </ClInclude>
    <ClInclude Include="sorce\InterpolationSTL.hpp">
      <Filter>Header Files</Filter>
    </ClInclude>
    <ClInclude Include="sorce\Jacobi.hpp">
      <Filter>Header Files</Filter>
    </ClInclude>
    <ClInclude Include="sorce\LeastSquaresMethods.hpp">
      <Filter>Header Files</Filter>
    </ClInclude>
    <ClInclude Include="sorce\main.h">
      <Filter>Header Files</Filter>
    </ClInclude>
    <ClInclude Include="sorce\MT.h">
      <Filter>Header Files</Filter>
    </ClInclude>
    <ClInclude Include="sorce\Output.h">
      <Filter>Header Files</Filter>
    </ClInclude>
    <ClInclude Include="sorce\PointSearch.hpp">
      <Filter>Header Files</Filter>
    </ClInclude>
    <ClInclude Include="sorce\PreprocessingSTL.hpp">
      <Filter>Header Files</Filter>
    </ClInclude>
    <ClInclude Include="sorce\Principal.hpp">
      <Filter>Header Files</Filter>
    </ClInclude>
    <ClInclude Include="sorce\RandomGenerator.h">
      <Filter>Header Files</Filter>
    </ClInclude>
    <ClInclude Include="sorce\RandUnitVector.h">
      <Filter>Header Files</Filter>
    </ClInclude>
    <ClInclude Include="sorce\ReadPointCloud.hpp">
      <Filter>Header Files</Filter>
    </ClInclude>
    <ClInclude Include="sorce\ReadSTL.hpp">
      <Filter>Header Files</Filter>
    </ClInclude>
    <ClInclude Include="sorce\RunJacobi.hpp">
      <Filter>Header Files</Filter>
    </ClInclude>
    <ClInclude Include="sorce\SurfaceNormals.hpp">
      <Filter>Header Files</Filter>
    </ClInclude>
    <ClInclude Include="sorce\VoxelGrid.hpp">
      <Filter>Header Files</Filter>
    </ClInclude>
    <ClInclude Include="sorce\Detectors.hpp">
      <Filter>Header Files</Filter>
    </ClInclude>
    <ClInclude Include="sorce\NormalDirection.hpp">
      <Filter>Header Files</Filter>
    </ClInclude>
    <ClInclude Include="sorce\FeaturePointExtractionHarris.hpp">
      <Filter>Header Files</Filter>
    </ClInclude>
    <ClInclude Include="sorce\PPF.hpp">
      <Filter>Header Files</Filter>
    </ClInclude>
    <ClInclude Include="sorce\KeypointNormals.hpp">
      <Filter>Header Files</Filter>
    </ClInclude>
  </ItemGroup>
  <ItemGroup>
    <ClCompile Include="sorce\main.cpp">
      <Filter>Source Files</Filter>
    </ClCompile>
    <ClCompile Include="sorce\RandomGenerator.cpp">
      <Filter>Source Files</Filter>
    </ClCompile>
    <ClCompile Include="sorce\RandUnitVector.cpp">
      <Filter>Source Files</Filter>
    </ClCompile>
  </ItemGroup>
</Project>